// !$*UTF8*$!
{
	archiveVersion = 1;
	classes = {
	};
	objectVersion = 50;
	objects = {

/* Begin PBXBuildFile section */
		DD26458926312506005761B7 /* EateriesApp.swift in Sources */ = {isa = PBXBuildFile; fileRef = DD26458826312506005761B7 /* EateriesApp.swift */; };
		DD26458B26312506005761B7 /* ContentView.swift in Sources */ = {isa = PBXBuildFile; fileRef = DD26458A26312506005761B7 /* ContentView.swift */; };
		DD26458D2631250A005761B7 /* Assets.xcassets in Resources */ = {isa = PBXBuildFile; fileRef = DD26458C2631250A005761B7 /* Assets.xcassets */; };
		DD2645902631250A005761B7 /* Preview Assets.xcassets in Resources */ = {isa = PBXBuildFile; fileRef = DD26458F2631250A005761B7 /* Preview Assets.xcassets */; };
		DD26459B2631250B005761B7 /* EateriesTests.swift in Sources */ = {isa = PBXBuildFile; fileRef = DD26459A2631250B005761B7 /* EateriesTests.swift */; };
		DD2645A62631250B005761B7 /* EateriesUITests.swift in Sources */ = {isa = PBXBuildFile; fileRef = DD2645A52631250B005761B7 /* EateriesUITests.swift */; };
		DD2645B7263125BB005761B7 /* Eatery.swift in Sources */ = {isa = PBXBuildFile; fileRef = DD2645B6263125BB005761B7 /* Eatery.swift */; };
		DD2645BC263125CE005761B7 /* EateryViewModel.swift in Sources */ = {isa = PBXBuildFile; fileRef = DD2645BB263125CE005761B7 /* EateryViewModel.swift */; };
		DD26469B263149FA005761B7 /* MasterView.swift in Sources */ = {isa = PBXBuildFile; fileRef = DD26469A263149FA005761B7 /* MasterView.swift */; };
		DD2646A026314A07005761B7 /* DetailView.swift in Sources */ = {isa = PBXBuildFile; fileRef = DD26469F26314A07005761B7 /* DetailView.swift */; };
		DD2646A526314A13005761B7 /* RowView.swift in Sources */ = {isa = PBXBuildFile; fileRef = DD2646A426314A13005761B7 /* RowView.swift */; };
		DD27D45D264CEC88004B29BC /* Review+ViewModel.swift in Sources */ = {isa = PBXBuildFile; fileRef = DD27D45C264CEC88004B29BC /* Review+ViewModel.swift */; };
		DD27D45F264CEF8F004B29BC /* MasterView.swift in Sources */ = {isa = PBXBuildFile; fileRef = DD27D45E264CEF8F004B29BC /* MasterView.swift */; };
		DD27D461264CF3F7004B29BC /* DetailView.swift in Sources */ = {isa = PBXBuildFile; fileRef = DD27D460264CF3F7004B29BC /* DetailView.swift */; };
		DD27D463264CF458004B29BC /* RowView.swift in Sources */ = {isa = PBXBuildFile; fileRef = DD27D462264CF458004B29BC /* RowView.swift */; };
		DD27D465264E1403004B29BC /* ReviewView.swift in Sources */ = {isa = PBXBuildFile; fileRef = DD27D464264E1403004B29BC /* ReviewView.swift */; };
		DD27D467264E3340004B29BC /* TitleEditorView.swift in Sources */ = {isa = PBXBuildFile; fileRef = DD27D466264E3340004B29BC /* TitleEditorView.swift */; };
		DD5124A0264CDC8D009C7102 /* Eatery+ViewModel.swift in Sources */ = {isa = PBXBuildFile; fileRef = DD51249F264CDC8D009C7102 /* Eatery+ViewModel.swift */; };
		DD5124EA264CE75E009C7102 /* GeneratedCode in Resources */ = {isa = PBXBuildFile; fileRef = DD5124E9264CE75E009C7102 /* GeneratedCode */; };
		DD5124EC264CE79F009C7102 /* EateryModel+ViewModel.swift in Sources */ = {isa = PBXBuildFile; fileRef = DD5124EB264CE79F009C7102 /* EateryModel+ViewModel.swift */; };
		DD7F8F3A265F48A70055EB6C /* MapView.swift in Sources */ = {isa = PBXBuildFile; fileRef = DD7F8F39265F48A70055EB6C /* MapView.swift */; };
		DD7F8F3C265F48D60055EB6C /* LocationView.swift in Sources */ = {isa = PBXBuildFile; fileRef = DD7F8F3B265F48D60055EB6C /* LocationView.swift */; };
		DDF8723D264A6A0300CA757B /* EateriesCoreDataApp.swift in Sources */ = {isa = PBXBuildFile; fileRef = DDF8723C264A6A0300CA757B /* EateriesCoreDataApp.swift */; };
		DDF8723F264A6A0300CA757B /* ContentView.swift in Sources */ = {isa = PBXBuildFile; fileRef = DDF8723E264A6A0300CA757B /* ContentView.swift */; };
		DDF87241264A6A0800CA757B /* Assets.xcassets in Resources */ = {isa = PBXBuildFile; fileRef = DDF87240264A6A0800CA757B /* Assets.xcassets */; };
		DDF87244264A6A0800CA757B /* Preview Assets.xcassets in Resources */ = {isa = PBXBuildFile; fileRef = DDF87243264A6A0800CA757B /* Preview Assets.xcassets */; };
		DDF87246264A6A0800CA757B /* Persistence.swift in Sources */ = {isa = PBXBuildFile; fileRef = DDF87245264A6A0800CA757B /* Persistence.swift */; };
		DDF87249264A6A0800CA757B /* EateriesCoreData.xcdatamodeld in Sources */ = {isa = PBXBuildFile; fileRef = DDF87247264A6A0800CA757B /* EateriesCoreData.xcdatamodeld */; };
		DDF87254264A6A0900CA757B /* EateriesCoreDataTests.swift in Sources */ = {isa = PBXBuildFile; fileRef = DDF87253264A6A0900CA757B /* EateriesCoreDataTests.swift */; };
		DDF8725F264A6A0900CA757B /* EateriesCoreDataUITests.swift in Sources */ = {isa = PBXBuildFile; fileRef = DDF8725E264A6A0900CA757B /* EateriesCoreDataUITests.swift */; };
/* End PBXBuildFile section */

/* Begin PBXContainerItemProxy section */
		DD2645972631250B005761B7 /* PBXContainerItemProxy */ = {
			isa = PBXContainerItemProxy;
			containerPortal = DD26457D26312506005761B7 /* Project object */;
			proxyType = 1;
			remoteGlobalIDString = DD26458426312506005761B7;
			remoteInfo = Eateries;
		};
		DD2645A22631250B005761B7 /* PBXContainerItemProxy */ = {
			isa = PBXContainerItemProxy;
			containerPortal = DD26457D26312506005761B7 /* Project object */;
			proxyType = 1;
			remoteGlobalIDString = DD26458426312506005761B7;
			remoteInfo = Eateries;
		};
		DDF87250264A6A0900CA757B /* PBXContainerItemProxy */ = {
			isa = PBXContainerItemProxy;
			containerPortal = DD26457D26312506005761B7 /* Project object */;
			proxyType = 1;
			remoteGlobalIDString = DDF87239264A6A0200CA757B;
			remoteInfo = EateriesCoreData;
		};
		DDF8725B264A6A0900CA757B /* PBXContainerItemProxy */ = {
			isa = PBXContainerItemProxy;
			containerPortal = DD26457D26312506005761B7 /* Project object */;
			proxyType = 1;
			remoteGlobalIDString = DDF87239264A6A0200CA757B;
			remoteInfo = EateriesCoreData;
		};
/* End PBXContainerItemProxy section */

/* Begin PBXFileReference section */
		DD26458526312506005761B7 /* Eateries.app */ = {isa = PBXFileReference; explicitFileType = wrapper.application; includeInIndex = 0; path = Eateries.app; sourceTree = BUILT_PRODUCTS_DIR; };
		DD26458826312506005761B7 /* EateriesApp.swift */ = {isa = PBXFileReference; lastKnownFileType = sourcecode.swift; path = EateriesApp.swift; sourceTree = "<group>"; };
		DD26458A26312506005761B7 /* ContentView.swift */ = {isa = PBXFileReference; lastKnownFileType = sourcecode.swift; path = ContentView.swift; sourceTree = "<group>"; };
		DD26458C2631250A005761B7 /* Assets.xcassets */ = {isa = PBXFileReference; lastKnownFileType = folder.assetcatalog; path = Assets.xcassets; sourceTree = "<group>"; };
		DD26458F2631250A005761B7 /* Preview Assets.xcassets */ = {isa = PBXFileReference; lastKnownFileType = folder.assetcatalog; path = "Preview Assets.xcassets"; sourceTree = "<group>"; };
		DD2645912631250A005761B7 /* Info.plist */ = {isa = PBXFileReference; lastKnownFileType = text.plist.xml; path = Info.plist; sourceTree = "<group>"; };
		DD2645962631250B005761B7 /* EateriesTests.xctest */ = {isa = PBXFileReference; explicitFileType = wrapper.cfbundle; includeInIndex = 0; path = EateriesTests.xctest; sourceTree = BUILT_PRODUCTS_DIR; };
		DD26459A2631250B005761B7 /* EateriesTests.swift */ = {isa = PBXFileReference; lastKnownFileType = sourcecode.swift; path = EateriesTests.swift; sourceTree = "<group>"; };
		DD26459C2631250B005761B7 /* Info.plist */ = {isa = PBXFileReference; lastKnownFileType = text.plist.xml; path = Info.plist; sourceTree = "<group>"; };
		DD2645A12631250B005761B7 /* EateriesUITests.xctest */ = {isa = PBXFileReference; explicitFileType = wrapper.cfbundle; includeInIndex = 0; path = EateriesUITests.xctest; sourceTree = BUILT_PRODUCTS_DIR; };
		DD2645A52631250B005761B7 /* EateriesUITests.swift */ = {isa = PBXFileReference; lastKnownFileType = sourcecode.swift; path = EateriesUITests.swift; sourceTree = "<group>"; };
		DD2645A72631250B005761B7 /* Info.plist */ = {isa = PBXFileReference; lastKnownFileType = text.plist.xml; path = Info.plist; sourceTree = "<group>"; };
		DD2645B6263125BB005761B7 /* Eatery.swift */ = {isa = PBXFileReference; lastKnownFileType = sourcecode.swift; path = Eatery.swift; sourceTree = "<group>"; };
		DD2645BB263125CE005761B7 /* EateryViewModel.swift */ = {isa = PBXFileReference; lastKnownFileType = sourcecode.swift; path = EateryViewModel.swift; sourceTree = "<group>"; };
		DD26469A263149FA005761B7 /* MasterView.swift */ = {isa = PBXFileReference; lastKnownFileType = sourcecode.swift; path = MasterView.swift; sourceTree = "<group>"; };
		DD26469F26314A07005761B7 /* DetailView.swift */ = {isa = PBXFileReference; lastKnownFileType = sourcecode.swift; path = DetailView.swift; sourceTree = "<group>"; };
		DD2646A426314A13005761B7 /* RowView.swift */ = {isa = PBXFileReference; lastKnownFileType = sourcecode.swift; path = RowView.swift; sourceTree = "<group>"; };
		DD27D45C264CEC88004B29BC /* Review+ViewModel.swift */ = {isa = PBXFileReference; lastKnownFileType = sourcecode.swift; path = "Review+ViewModel.swift"; sourceTree = "<group>"; };
		DD27D45E264CEF8F004B29BC /* MasterView.swift */ = {isa = PBXFileReference; lastKnownFileType = sourcecode.swift; path = MasterView.swift; sourceTree = "<group>"; };
		DD27D460264CF3F7004B29BC /* DetailView.swift */ = {isa = PBXFileReference; lastKnownFileType = sourcecode.swift; path = DetailView.swift; sourceTree = "<group>"; };
		DD27D462264CF458004B29BC /* RowView.swift */ = {isa = PBXFileReference; lastKnownFileType = sourcecode.swift; path = RowView.swift; sourceTree = "<group>"; };
		DD27D464264E1403004B29BC /* ReviewView.swift */ = {isa = PBXFileReference; lastKnownFileType = sourcecode.swift; path = ReviewView.swift; sourceTree = "<group>"; };
		DD27D466264E3340004B29BC /* TitleEditorView.swift */ = {isa = PBXFileReference; lastKnownFileType = sourcecode.swift; path = TitleEditorView.swift; sourceTree = "<group>"; };
		DD51249F264CDC8D009C7102 /* Eatery+ViewModel.swift */ = {isa = PBXFileReference; lastKnownFileType = sourcecode.swift; path = "Eatery+ViewModel.swift"; sourceTree = "<group>"; };
		DD5124E9264CE75E009C7102 /* GeneratedCode */ = {isa = PBXFileReference; lastKnownFileType = folder; path = GeneratedCode; sourceTree = "<group>"; };
		DD5124EB264CE79F009C7102 /* EateryModel+ViewModel.swift */ = {isa = PBXFileReference; lastKnownFileType = sourcecode.swift; path = "EateryModel+ViewModel.swift"; sourceTree = "<group>"; };
		DD7F8F39265F48A70055EB6C /* MapView.swift */ = {isa = PBXFileReference; lastKnownFileType = sourcecode.swift; path = MapView.swift; sourceTree = "<group>"; };
		DD7F8F3B265F48D60055EB6C /* LocationView.swift */ = {isa = PBXFileReference; lastKnownFileType = sourcecode.swift; path = LocationView.swift; sourceTree = "<group>"; };
		DDF8723A264A6A0200CA757B /* EateriesCoreData.app */ = {isa = PBXFileReference; explicitFileType = wrapper.application; includeInIndex = 0; path = EateriesCoreData.app; sourceTree = BUILT_PRODUCTS_DIR; };
		DDF8723C264A6A0300CA757B /* EateriesCoreDataApp.swift */ = {isa = PBXFileReference; lastKnownFileType = sourcecode.swift; path = EateriesCoreDataApp.swift; sourceTree = "<group>"; };
		DDF8723E264A6A0300CA757B /* ContentView.swift */ = {isa = PBXFileReference; lastKnownFileType = sourcecode.swift; path = ContentView.swift; sourceTree = "<group>"; };
		DDF87240264A6A0800CA757B /* Assets.xcassets */ = {isa = PBXFileReference; lastKnownFileType = folder.assetcatalog; path = Assets.xcassets; sourceTree = "<group>"; };
		DDF87243264A6A0800CA757B /* Preview Assets.xcassets */ = {isa = PBXFileReference; lastKnownFileType = folder.assetcatalog; path = "Preview Assets.xcassets"; sourceTree = "<group>"; };
		DDF87245264A6A0800CA757B /* Persistence.swift */ = {isa = PBXFileReference; lastKnownFileType = sourcecode.swift; path = Persistence.swift; sourceTree = "<group>"; };
		DDF87248264A6A0800CA757B /* EateriesCoreData.xcdatamodel */ = {isa = PBXFileReference; lastKnownFileType = wrapper.xcdatamodel; path = EateriesCoreData.xcdatamodel; sourceTree = "<group>"; };
		DDF8724A264A6A0800CA757B /* Info.plist */ = {isa = PBXFileReference; lastKnownFileType = text.plist.xml; path = Info.plist; sourceTree = "<group>"; };
		DDF8724F264A6A0900CA757B /* EateriesCoreDataTests.xctest */ = {isa = PBXFileReference; explicitFileType = wrapper.cfbundle; includeInIndex = 0; path = EateriesCoreDataTests.xctest; sourceTree = BUILT_PRODUCTS_DIR; };
		DDF87253264A6A0900CA757B /* EateriesCoreDataTests.swift */ = {isa = PBXFileReference; lastKnownFileType = sourcecode.swift; path = EateriesCoreDataTests.swift; sourceTree = "<group>"; };
		DDF87255264A6A0900CA757B /* Info.plist */ = {isa = PBXFileReference; lastKnownFileType = text.plist.xml; path = Info.plist; sourceTree = "<group>"; };
		DDF8725A264A6A0900CA757B /* EateriesCoreDataUITests.xctest */ = {isa = PBXFileReference; explicitFileType = wrapper.cfbundle; includeInIndex = 0; path = EateriesCoreDataUITests.xctest; sourceTree = BUILT_PRODUCTS_DIR; };
		DDF8725E264A6A0900CA757B /* EateriesCoreDataUITests.swift */ = {isa = PBXFileReference; lastKnownFileType = sourcecode.swift; path = EateriesCoreDataUITests.swift; sourceTree = "<group>"; };
		DDF87260264A6A0900CA757B /* Info.plist */ = {isa = PBXFileReference; lastKnownFileType = text.plist.xml; path = Info.plist; sourceTree = "<group>"; };
/* End PBXFileReference section */

/* Begin PBXFrameworksBuildPhase section */
		DD26458226312506005761B7 /* Frameworks */ = {
			isa = PBXFrameworksBuildPhase;
			buildActionMask = 2147483647;
			files = (
			);
			runOnlyForDeploymentPostprocessing = 0;
		};
		DD2645932631250B005761B7 /* Frameworks */ = {
			isa = PBXFrameworksBuildPhase;
			buildActionMask = 2147483647;
			files = (
			);
			runOnlyForDeploymentPostprocessing = 0;
		};
		DD26459E2631250B005761B7 /* Frameworks */ = {
			isa = PBXFrameworksBuildPhase;
			buildActionMask = 2147483647;
			files = (
			);
			runOnlyForDeploymentPostprocessing = 0;
		};
		DDF87237264A6A0200CA757B /* Frameworks */ = {
			isa = PBXFrameworksBuildPhase;
			buildActionMask = 2147483647;
			files = (
			);
			runOnlyForDeploymentPostprocessing = 0;
		};
		DDF8724C264A6A0900CA757B /* Frameworks */ = {
			isa = PBXFrameworksBuildPhase;
			buildActionMask = 2147483647;
			files = (
			);
			runOnlyForDeploymentPostprocessing = 0;
		};
		DDF87257264A6A0900CA757B /* Frameworks */ = {
			isa = PBXFrameworksBuildPhase;
			buildActionMask = 2147483647;
			files = (
			);
			runOnlyForDeploymentPostprocessing = 0;
		};
/* End PBXFrameworksBuildPhase section */

/* Begin PBXGroup section */
		DD26457C26312506005761B7 = {
			isa = PBXGroup;
			children = (
				DD26458726312506005761B7 /* Eateries */,
				DD2645992631250B005761B7 /* EateriesTests */,
				DD2645A42631250B005761B7 /* EateriesUITests */,
				DDF8723B264A6A0300CA757B /* EateriesCoreData */,
				DDF87252264A6A0900CA757B /* EateriesCoreDataTests */,
				DDF8725D264A6A0900CA757B /* EateriesCoreDataUITests */,
				DD26458626312506005761B7 /* Products */,
			);
			sourceTree = "<group>";
		};
		DD26458626312506005761B7 /* Products */ = {
			isa = PBXGroup;
			children = (
				DD26458526312506005761B7 /* Eateries.app */,
				DD2645962631250B005761B7 /* EateriesTests.xctest */,
				DD2645A12631250B005761B7 /* EateriesUITests.xctest */,
				DDF8723A264A6A0200CA757B /* EateriesCoreData.app */,
				DDF8724F264A6A0900CA757B /* EateriesCoreDataTests.xctest */,
				DDF8725A264A6A0900CA757B /* EateriesCoreDataUITests.xctest */,
			);
			name = Products;
			sourceTree = "<group>";
		};
		DD26458726312506005761B7 /* Eateries */ = {
			isa = PBXGroup;
			children = (
				DD2645B6263125BB005761B7 /* Eatery.swift */,
				DD2645BB263125CE005761B7 /* EateryViewModel.swift */,
				DD26458826312506005761B7 /* EateriesApp.swift */,
				DD26458A26312506005761B7 /* ContentView.swift */,
				DD26469A263149FA005761B7 /* MasterView.swift */,
				DD26469F26314A07005761B7 /* DetailView.swift */,
				DD2646A426314A13005761B7 /* RowView.swift */,
				DD26458C2631250A005761B7 /* Assets.xcassets */,
				DD2645912631250A005761B7 /* Info.plist */,
				DD26458E2631250A005761B7 /* Preview Content */,
			);
			path = Eateries;
			sourceTree = "<group>";
		};
		DD26458E2631250A005761B7 /* Preview Content */ = {
			isa = PBXGroup;
			children = (
				DD26458F2631250A005761B7 /* Preview Assets.xcassets */,
			);
			path = "Preview Content";
			sourceTree = "<group>";
		};
		DD2645992631250B005761B7 /* EateriesTests */ = {
			isa = PBXGroup;
			children = (
				DD26459A2631250B005761B7 /* EateriesTests.swift */,
				DD26459C2631250B005761B7 /* Info.plist */,
			);
			path = EateriesTests;
			sourceTree = "<group>";
		};
		DD2645A42631250B005761B7 /* EateriesUITests */ = {
			isa = PBXGroup;
			children = (
				DD2645A52631250B005761B7 /* EateriesUITests.swift */,
				DD2645A72631250B005761B7 /* Info.plist */,
			);
			path = EateriesUITests;
			sourceTree = "<group>";
		};
		DDF8723B264A6A0300CA757B /* EateriesCoreData */ = {
			isa = PBXGroup;
			children = (
				DD5124E9264CE75E009C7102 /* GeneratedCode */,
				DD51249F264CDC8D009C7102 /* Eatery+ViewModel.swift */,
				DD5124EB264CE79F009C7102 /* EateryModel+ViewModel.swift */,
				DD27D45C264CEC88004B29BC /* Review+ViewModel.swift */,
				DDF8723C264A6A0300CA757B /* EateriesCoreDataApp.swift */,
				DDF8723E264A6A0300CA757B /* ContentView.swift */,
				DD27D45E264CEF8F004B29BC /* MasterView.swift */,
				DD27D466264E3340004B29BC /* TitleEditorView.swift */,
				DD27D460264CF3F7004B29BC /* DetailView.swift */,
				DD7F8F3B265F48D60055EB6C /* LocationView.swift */,
				DD7F8F39265F48A70055EB6C /* MapView.swift */,
				DD27D464264E1403004B29BC /* ReviewView.swift */,
				DD27D462264CF458004B29BC /* RowView.swift */,
				DDF87240264A6A0800CA757B /* Assets.xcassets */,
				DDF87245264A6A0800CA757B /* Persistence.swift */,
				DDF8724A264A6A0800CA757B /* Info.plist */,
				DDF87247264A6A0800CA757B /* EateriesCoreData.xcdatamodeld */,
				DDF87242264A6A0800CA757B /* Preview Content */,
			);
			path = EateriesCoreData;
			sourceTree = "<group>";
		};
		DDF87242264A6A0800CA757B /* Preview Content */ = {
			isa = PBXGroup;
			children = (
				DDF87243264A6A0800CA757B /* Preview Assets.xcassets */,
			);
			path = "Preview Content";
			sourceTree = "<group>";
		};
		DDF87252264A6A0900CA757B /* EateriesCoreDataTests */ = {
			isa = PBXGroup;
			children = (
				DDF87253264A6A0900CA757B /* EateriesCoreDataTests.swift */,
				DDF87255264A6A0900CA757B /* Info.plist */,
			);
			path = EateriesCoreDataTests;
			sourceTree = "<group>";
		};
		DDF8725D264A6A0900CA757B /* EateriesCoreDataUITests */ = {
			isa = PBXGroup;
			children = (
				DDF8725E264A6A0900CA757B /* EateriesCoreDataUITests.swift */,
				DDF87260264A6A0900CA757B /* Info.plist */,
			);
			path = EateriesCoreDataUITests;
			sourceTree = "<group>";
		};
/* End PBXGroup section */

/* Begin PBXNativeTarget section */
		DD26458426312506005761B7 /* Eateries */ = {
			isa = PBXNativeTarget;
			buildConfigurationList = DD2645AA2631250B005761B7 /* Build configuration list for PBXNativeTarget "Eateries" */;
			buildPhases = (
				DD26458126312506005761B7 /* Sources */,
				DD26458226312506005761B7 /* Frameworks */,
				DD26458326312506005761B7 /* Resources */,
			);
			buildRules = (
			);
			dependencies = (
			);
			name = Eateries;
			productName = Eateries;
			productReference = DD26458526312506005761B7 /* Eateries.app */;
			productType = "com.apple.product-type.application";
		};
		DD2645952631250B005761B7 /* EateriesTests */ = {
			isa = PBXNativeTarget;
			buildConfigurationList = DD2645AD2631250B005761B7 /* Build configuration list for PBXNativeTarget "EateriesTests" */;
			buildPhases = (
				DD2645922631250B005761B7 /* Sources */,
				DD2645932631250B005761B7 /* Frameworks */,
				DD2645942631250B005761B7 /* Resources */,
			);
			buildRules = (
			);
			dependencies = (
				DD2645982631250B005761B7 /* PBXTargetDependency */,
			);
			name = EateriesTests;
			productName = EateriesTests;
			productReference = DD2645962631250B005761B7 /* EateriesTests.xctest */;
			productType = "com.apple.product-type.bundle.unit-test";
		};
		DD2645A02631250B005761B7 /* EateriesUITests */ = {
			isa = PBXNativeTarget;
			buildConfigurationList = DD2645B02631250B005761B7 /* Build configuration list for PBXNativeTarget "EateriesUITests" */;
			buildPhases = (
				DD26459D2631250B005761B7 /* Sources */,
				DD26459E2631250B005761B7 /* Frameworks */,
				DD26459F2631250B005761B7 /* Resources */,
			);
			buildRules = (
			);
			dependencies = (
				DD2645A32631250B005761B7 /* PBXTargetDependency */,
			);
			name = EateriesUITests;
			productName = EateriesUITests;
			productReference = DD2645A12631250B005761B7 /* EateriesUITests.xctest */;
			productType = "com.apple.product-type.bundle.ui-testing";
		};
		DDF87239264A6A0200CA757B /* EateriesCoreData */ = {
			isa = PBXNativeTarget;
			buildConfigurationList = DDF87261264A6A0900CA757B /* Build configuration list for PBXNativeTarget "EateriesCoreData" */;
			buildPhases = (
				DDF87236264A6A0200CA757B /* Sources */,
				DDF87237264A6A0200CA757B /* Frameworks */,
				DDF87238264A6A0200CA757B /* Resources */,
			);
			buildRules = (
			);
			dependencies = (
			);
			name = EateriesCoreData;
			productName = EateriesCoreData;
			productReference = DDF8723A264A6A0200CA757B /* EateriesCoreData.app */;
			productType = "com.apple.product-type.application";
		};
		DDF8724E264A6A0900CA757B /* EateriesCoreDataTests */ = {
			isa = PBXNativeTarget;
			buildConfigurationList = DDF87264264A6A0900CA757B /* Build configuration list for PBXNativeTarget "EateriesCoreDataTests" */;
			buildPhases = (
				DDF8724B264A6A0900CA757B /* Sources */,
				DDF8724C264A6A0900CA757B /* Frameworks */,
				DDF8724D264A6A0900CA757B /* Resources */,
			);
			buildRules = (
			);
			dependencies = (
				DDF87251264A6A0900CA757B /* PBXTargetDependency */,
			);
			name = EateriesCoreDataTests;
			productName = EateriesCoreDataTests;
			productReference = DDF8724F264A6A0900CA757B /* EateriesCoreDataTests.xctest */;
			productType = "com.apple.product-type.bundle.unit-test";
		};
		DDF87259264A6A0900CA757B /* EateriesCoreDataUITests */ = {
			isa = PBXNativeTarget;
			buildConfigurationList = DDF87267264A6A0900CA757B /* Build configuration list for PBXNativeTarget "EateriesCoreDataUITests" */;
			buildPhases = (
				DDF87256264A6A0900CA757B /* Sources */,
				DDF87257264A6A0900CA757B /* Frameworks */,
				DDF87258264A6A0900CA757B /* Resources */,
			);
			buildRules = (
			);
			dependencies = (
				DDF8725C264A6A0900CA757B /* PBXTargetDependency */,
			);
			name = EateriesCoreDataUITests;
			productName = EateriesCoreDataUITests;
			productReference = DDF8725A264A6A0900CA757B /* EateriesCoreDataUITests.xctest */;
			productType = "com.apple.product-type.bundle.ui-testing";
		};
/* End PBXNativeTarget section */

/* Begin PBXProject section */
		DD26457D26312506005761B7 /* Project object */ = {
			isa = PBXProject;
			attributes = {
				LastSwiftUpdateCheck = 1250;
				LastUpgradeCheck = 1240;
				TargetAttributes = {
					DD26458426312506005761B7 = {
						CreatedOnToolsVersion = 12.4;
					};
					DD2645952631250B005761B7 = {
						CreatedOnToolsVersion = 12.4;
						TestTargetID = DD26458426312506005761B7;
					};
					DD2645A02631250B005761B7 = {
						CreatedOnToolsVersion = 12.4;
						TestTargetID = DD26458426312506005761B7;
					};
					DDF87239264A6A0200CA757B = {
						CreatedOnToolsVersion = 12.5;
					};
					DDF8724E264A6A0900CA757B = {
						CreatedOnToolsVersion = 12.5;
						TestTargetID = DDF87239264A6A0200CA757B;
					};
					DDF87259264A6A0900CA757B = {
						CreatedOnToolsVersion = 12.5;
						TestTargetID = DDF87239264A6A0200CA757B;
					};
				};
			};
			buildConfigurationList = DD26458026312506005761B7 /* Build configuration list for PBXProject "Eateries" */;
			compatibilityVersion = "Xcode 9.3";
			developmentRegion = en;
			hasScannedForEncodings = 0;
			knownRegions = (
				en,
				Base,
			);
			mainGroup = DD26457C26312506005761B7;
			productRefGroup = DD26458626312506005761B7 /* Products */;
			projectDirPath = "";
			projectRoot = "";
			targets = (
				DD26458426312506005761B7 /* Eateries */,
				DD2645952631250B005761B7 /* EateriesTests */,
				DD2645A02631250B005761B7 /* EateriesUITests */,
				DDF87239264A6A0200CA757B /* EateriesCoreData */,
				DDF8724E264A6A0900CA757B /* EateriesCoreDataTests */,
				DDF87259264A6A0900CA757B /* EateriesCoreDataUITests */,
			);
		};
/* End PBXProject section */

/* Begin PBXResourcesBuildPhase section */
		DD26458326312506005761B7 /* Resources */ = {
			isa = PBXResourcesBuildPhase;
			buildActionMask = 2147483647;
			files = (
				DD2645902631250A005761B7 /* Preview Assets.xcassets in Resources */,
				DD26458D2631250A005761B7 /* Assets.xcassets in Resources */,
			);
			runOnlyForDeploymentPostprocessing = 0;
		};
		DD2645942631250B005761B7 /* Resources */ = {
			isa = PBXResourcesBuildPhase;
			buildActionMask = 2147483647;
			files = (
			);
			runOnlyForDeploymentPostprocessing = 0;
		};
		DD26459F2631250B005761B7 /* Resources */ = {
			isa = PBXResourcesBuildPhase;
			buildActionMask = 2147483647;
			files = (
			);
			runOnlyForDeploymentPostprocessing = 0;
		};
		DDF87238264A6A0200CA757B /* Resources */ = {
			isa = PBXResourcesBuildPhase;
			buildActionMask = 2147483647;
			files = (
				DD5124EA264CE75E009C7102 /* GeneratedCode in Resources */,
				DDF87244264A6A0800CA757B /* Preview Assets.xcassets in Resources */,
				DDF87241264A6A0800CA757B /* Assets.xcassets in Resources */,
			);
			runOnlyForDeploymentPostprocessing = 0;
		};
		DDF8724D264A6A0900CA757B /* Resources */ = {
			isa = PBXResourcesBuildPhase;
			buildActionMask = 2147483647;
			files = (
			);
			runOnlyForDeploymentPostprocessing = 0;
		};
		DDF87258264A6A0900CA757B /* Resources */ = {
			isa = PBXResourcesBuildPhase;
			buildActionMask = 2147483647;
			files = (
			);
			runOnlyForDeploymentPostprocessing = 0;
		};
/* End PBXResourcesBuildPhase section */

/* Begin PBXSourcesBuildPhase section */
		DD26458126312506005761B7 /* Sources */ = {
			isa = PBXSourcesBuildPhase;
			buildActionMask = 2147483647;
			files = (
				DD2645B7263125BB005761B7 /* Eatery.swift in Sources */,
				DD2646A026314A07005761B7 /* DetailView.swift in Sources */,
				DD2646A526314A13005761B7 /* RowView.swift in Sources */,
				DD26458B26312506005761B7 /* ContentView.swift in Sources */,
				DD2645BC263125CE005761B7 /* EateryViewModel.swift in Sources */,
				DD26469B263149FA005761B7 /* MasterView.swift in Sources */,
				DD26458926312506005761B7 /* EateriesApp.swift in Sources */,
			);
			runOnlyForDeploymentPostprocessing = 0;
		};
		DD2645922631250B005761B7 /* Sources */ = {
			isa = PBXSourcesBuildPhase;
			buildActionMask = 2147483647;
			files = (
				DD26459B2631250B005761B7 /* EateriesTests.swift in Sources */,
			);
			runOnlyForDeploymentPostprocessing = 0;
		};
		DD26459D2631250B005761B7 /* Sources */ = {
			isa = PBXSourcesBuildPhase;
			buildActionMask = 2147483647;
			files = (
				DD2645A62631250B005761B7 /* EateriesUITests.swift in Sources */,
			);
			runOnlyForDeploymentPostprocessing = 0;
		};
		DDF87236264A6A0200CA757B /* Sources */ = {
			isa = PBXSourcesBuildPhase;
			buildActionMask = 2147483647;
			files = (
				DDF87246264A6A0800CA757B /* Persistence.swift in Sources */,
				DD27D463264CF458004B29BC /* RowView.swift in Sources */,
				DD27D461264CF3F7004B29BC /* DetailView.swift in Sources */,
				DDF8723F264A6A0300CA757B /* ContentView.swift in Sources */,
				DD7F8F3A265F48A70055EB6C /* MapView.swift in Sources */,
				DD27D45F264CEF8F004B29BC /* MasterView.swift in Sources */,
				DD27D45D264CEC88004B29BC /* Review+ViewModel.swift in Sources */,
				DD5124EC264CE79F009C7102 /* EateryModel+ViewModel.swift in Sources */,
				DDF87249264A6A0800CA757B /* EateriesCoreData.xcdatamodeld in Sources */,
				DD27D467264E3340004B29BC /* TitleEditorView.swift in Sources */,
				DD27D465264E1403004B29BC /* ReviewView.swift in Sources */,
				DD7F8F3C265F48D60055EB6C /* LocationView.swift in Sources */,
				DDF8723D264A6A0300CA757B /* EateriesCoreDataApp.swift in Sources */,
				DD5124A0264CDC8D009C7102 /* Eatery+ViewModel.swift in Sources */,
			);
			runOnlyForDeploymentPostprocessing = 0;
		};
		DDF8724B264A6A0900CA757B /* Sources */ = {
			isa = PBXSourcesBuildPhase;
			buildActionMask = 2147483647;
			files = (
				DDF87254264A6A0900CA757B /* EateriesCoreDataTests.swift in Sources */,
			);
			runOnlyForDeploymentPostprocessing = 0;
		};
		DDF87256264A6A0900CA757B /* Sources */ = {
			isa = PBXSourcesBuildPhase;
			buildActionMask = 2147483647;
			files = (
				DDF8725F264A6A0900CA757B /* EateriesCoreDataUITests.swift in Sources */,
			);
			runOnlyForDeploymentPostprocessing = 0;
		};
/* End PBXSourcesBuildPhase section */

/* Begin PBXTargetDependency section */
		DD2645982631250B005761B7 /* PBXTargetDependency */ = {
			isa = PBXTargetDependency;
			target = DD26458426312506005761B7 /* Eateries */;
			targetProxy = DD2645972631250B005761B7 /* PBXContainerItemProxy */;
		};
		DD2645A32631250B005761B7 /* PBXTargetDependency */ = {
			isa = PBXTargetDependency;
			target = DD26458426312506005761B7 /* Eateries */;
			targetProxy = DD2645A22631250B005761B7 /* PBXContainerItemProxy */;
		};
		DDF87251264A6A0900CA757B /* PBXTargetDependency */ = {
			isa = PBXTargetDependency;
			target = DDF87239264A6A0200CA757B /* EateriesCoreData */;
			targetProxy = DDF87250264A6A0900CA757B /* PBXContainerItemProxy */;
		};
		DDF8725C264A6A0900CA757B /* PBXTargetDependency */ = {
			isa = PBXTargetDependency;
			target = DDF87239264A6A0200CA757B /* EateriesCoreData */;
			targetProxy = DDF8725B264A6A0900CA757B /* PBXContainerItemProxy */;
		};
/* End PBXTargetDependency section */

/* Begin XCBuildConfiguration section */
		DD2645A82631250B005761B7 /* Debug */ = {
			isa = XCBuildConfiguration;
			buildSettings = {
				ALWAYS_SEARCH_USER_PATHS = NO;
				CLANG_ANALYZER_NONNULL = YES;
				CLANG_ANALYZER_NUMBER_OBJECT_CONVERSION = YES_AGGRESSIVE;
				CLANG_CXX_LANGUAGE_STANDARD = "gnu++14";
				CLANG_CXX_LIBRARY = "libc++";
				CLANG_ENABLE_MODULES = YES;
				CLANG_ENABLE_OBJC_ARC = YES;
				CLANG_ENABLE_OBJC_WEAK = YES;
				CLANG_WARN_BLOCK_CAPTURE_AUTORELEASING = YES;
				CLANG_WARN_BOOL_CONVERSION = YES;
				CLANG_WARN_COMMA = YES;
				CLANG_WARN_CONSTANT_CONVERSION = YES;
				CLANG_WARN_DEPRECATED_OBJC_IMPLEMENTATIONS = YES;
				CLANG_WARN_DIRECT_OBJC_ISA_USAGE = YES_ERROR;
				CLANG_WARN_DOCUMENTATION_COMMENTS = YES;
				CLANG_WARN_EMPTY_BODY = YES;
				CLANG_WARN_ENUM_CONVERSION = YES;
				CLANG_WARN_INFINITE_RECURSION = YES;
				CLANG_WARN_INT_CONVERSION = YES;
				CLANG_WARN_NON_LITERAL_NULL_CONVERSION = YES;
				CLANG_WARN_OBJC_IMPLICIT_RETAIN_SELF = YES;
				CLANG_WARN_OBJC_LITERAL_CONVERSION = YES;
				CLANG_WARN_OBJC_ROOT_CLASS = YES_ERROR;
				CLANG_WARN_QUOTED_INCLUDE_IN_FRAMEWORK_HEADER = YES;
				CLANG_WARN_RANGE_LOOP_ANALYSIS = YES;
				CLANG_WARN_STRICT_PROTOTYPES = YES;
				CLANG_WARN_SUSPICIOUS_MOVE = YES;
				CLANG_WARN_UNGUARDED_AVAILABILITY = YES_AGGRESSIVE;
				CLANG_WARN_UNREACHABLE_CODE = YES;
				CLANG_WARN__DUPLICATE_METHOD_MATCH = YES;
				COPY_PHASE_STRIP = NO;
				DEBUG_INFORMATION_FORMAT = dwarf;
				ENABLE_STRICT_OBJC_MSGSEND = YES;
				ENABLE_TESTABILITY = YES;
				GCC_C_LANGUAGE_STANDARD = gnu11;
				GCC_DYNAMIC_NO_PIC = NO;
				GCC_NO_COMMON_BLOCKS = YES;
				GCC_OPTIMIZATION_LEVEL = 0;
				GCC_PREPROCESSOR_DEFINITIONS = (
					"DEBUG=1",
					"$(inherited)",
				);
				GCC_WARN_64_TO_32_BIT_CONVERSION = YES;
				GCC_WARN_ABOUT_RETURN_TYPE = YES_ERROR;
				GCC_WARN_UNDECLARED_SELECTOR = YES;
				GCC_WARN_UNINITIALIZED_AUTOS = YES_AGGRESSIVE;
				GCC_WARN_UNUSED_FUNCTION = YES;
				GCC_WARN_UNUSED_VARIABLE = YES;
				IPHONEOS_DEPLOYMENT_TARGET = 14.4;
				MTL_ENABLE_DEBUG_INFO = INCLUDE_SOURCE;
				MTL_FAST_MATH = YES;
				ONLY_ACTIVE_ARCH = YES;
				SDKROOT = iphoneos;
				SWIFT_ACTIVE_COMPILATION_CONDITIONS = DEBUG;
				SWIFT_OPTIMIZATION_LEVEL = "-Onone";
			};
			name = Debug;
		};
		DD2645A92631250B005761B7 /* Release */ = {
			isa = XCBuildConfiguration;
			buildSettings = {
				ALWAYS_SEARCH_USER_PATHS = NO;
				CLANG_ANALYZER_NONNULL = YES;
				CLANG_ANALYZER_NUMBER_OBJECT_CONVERSION = YES_AGGRESSIVE;
				CLANG_CXX_LANGUAGE_STANDARD = "gnu++14";
				CLANG_CXX_LIBRARY = "libc++";
				CLANG_ENABLE_MODULES = YES;
				CLANG_ENABLE_OBJC_ARC = YES;
				CLANG_ENABLE_OBJC_WEAK = YES;
				CLANG_WARN_BLOCK_CAPTURE_AUTORELEASING = YES;
				CLANG_WARN_BOOL_CONVERSION = YES;
				CLANG_WARN_COMMA = YES;
				CLANG_WARN_CONSTANT_CONVERSION = YES;
				CLANG_WARN_DEPRECATED_OBJC_IMPLEMENTATIONS = YES;
				CLANG_WARN_DIRECT_OBJC_ISA_USAGE = YES_ERROR;
				CLANG_WARN_DOCUMENTATION_COMMENTS = YES;
				CLANG_WARN_EMPTY_BODY = YES;
				CLANG_WARN_ENUM_CONVERSION = YES;
				CLANG_WARN_INFINITE_RECURSION = YES;
				CLANG_WARN_INT_CONVERSION = YES;
				CLANG_WARN_NON_LITERAL_NULL_CONVERSION = YES;
				CLANG_WARN_OBJC_IMPLICIT_RETAIN_SELF = YES;
				CLANG_WARN_OBJC_LITERAL_CONVERSION = YES;
				CLANG_WARN_OBJC_ROOT_CLASS = YES_ERROR;
				CLANG_WARN_QUOTED_INCLUDE_IN_FRAMEWORK_HEADER = YES;
				CLANG_WARN_RANGE_LOOP_ANALYSIS = YES;
				CLANG_WARN_STRICT_PROTOTYPES = YES;
				CLANG_WARN_SUSPICIOUS_MOVE = YES;
				CLANG_WARN_UNGUARDED_AVAILABILITY = YES_AGGRESSIVE;
				CLANG_WARN_UNREACHABLE_CODE = YES;
				CLANG_WARN__DUPLICATE_METHOD_MATCH = YES;
				COPY_PHASE_STRIP = NO;
				DEBUG_INFORMATION_FORMAT = "dwarf-with-dsym";
				ENABLE_NS_ASSERTIONS = NO;
				ENABLE_STRICT_OBJC_MSGSEND = YES;
				GCC_C_LANGUAGE_STANDARD = gnu11;
				GCC_NO_COMMON_BLOCKS = YES;
				GCC_WARN_64_TO_32_BIT_CONVERSION = YES;
				GCC_WARN_ABOUT_RETURN_TYPE = YES_ERROR;
				GCC_WARN_UNDECLARED_SELECTOR = YES;
				GCC_WARN_UNINITIALIZED_AUTOS = YES_AGGRESSIVE;
				GCC_WARN_UNUSED_FUNCTION = YES;
				GCC_WARN_UNUSED_VARIABLE = YES;
				IPHONEOS_DEPLOYMENT_TARGET = 14.4;
				MTL_ENABLE_DEBUG_INFO = NO;
				MTL_FAST_MATH = YES;
				SDKROOT = iphoneos;
				SWIFT_COMPILATION_MODE = wholemodule;
				SWIFT_OPTIMIZATION_LEVEL = "-O";
				VALIDATE_PRODUCT = YES;
			};
			name = Release;
		};
		DD2645AB2631250B005761B7 /* Debug */ = {
			isa = XCBuildConfiguration;
			buildSettings = {
				ASSETCATALOG_COMPILER_APPICON_NAME = AppIcon;
				ASSETCATALOG_COMPILER_GLOBAL_ACCENT_COLOR_NAME = AccentColor;
				CODE_SIGN_STYLE = Automatic;
				DEVELOPMENT_ASSET_PATHS = "\"Eateries/Preview Content\"";
				DEVELOPMENT_TEAM = 233C86L6L3;
				ENABLE_PREVIEWS = YES;
				INFOPLIST_FILE = Eateries/Info.plist;
				IPHONEOS_DEPLOYMENT_TARGET = 14.0;
				LD_RUNPATH_SEARCH_PATHS = (
					"$(inherited)",
					"@executable_path/Frameworks",
				);
				PRODUCT_BUNDLE_IDENTIFIER = griffithuni.Eateries;
				PRODUCT_NAME = "$(TARGET_NAME)";
				SWIFT_VERSION = 5.0;
				TARGETED_DEVICE_FAMILY = "1,2";
			};
			name = Debug;
		};
		DD2645AC2631250B005761B7 /* Release */ = {
			isa = XCBuildConfiguration;
			buildSettings = {
				ASSETCATALOG_COMPILER_APPICON_NAME = AppIcon;
				ASSETCATALOG_COMPILER_GLOBAL_ACCENT_COLOR_NAME = AccentColor;
				CODE_SIGN_STYLE = Automatic;
				DEVELOPMENT_ASSET_PATHS = "\"Eateries/Preview Content\"";
				DEVELOPMENT_TEAM = 233C86L6L3;
				ENABLE_PREVIEWS = YES;
				INFOPLIST_FILE = Eateries/Info.plist;
				IPHONEOS_DEPLOYMENT_TARGET = 14.0;
				LD_RUNPATH_SEARCH_PATHS = (
					"$(inherited)",
					"@executable_path/Frameworks",
				);
				PRODUCT_BUNDLE_IDENTIFIER = griffithuni.Eateries;
				PRODUCT_NAME = "$(TARGET_NAME)";
				SWIFT_VERSION = 5.0;
				TARGETED_DEVICE_FAMILY = "1,2";
			};
			name = Release;
		};
		DD2645AE2631250B005761B7 /* Debug */ = {
			isa = XCBuildConfiguration;
			buildSettings = {
				ALWAYS_EMBED_SWIFT_STANDARD_LIBRARIES = YES;
				BUNDLE_LOADER = "$(TEST_HOST)";
				CODE_SIGN_STYLE = Automatic;
				DEVELOPMENT_TEAM = 233C86L6L3;
				INFOPLIST_FILE = EateriesTests/Info.plist;
				IPHONEOS_DEPLOYMENT_TARGET = 14.0;
				LD_RUNPATH_SEARCH_PATHS = (
					"$(inherited)",
					"@executable_path/Frameworks",
					"@loader_path/Frameworks",
				);
				PRODUCT_BUNDLE_IDENTIFIER = griffithuni.EateriesTests;
				PRODUCT_NAME = "$(TARGET_NAME)";
				SWIFT_VERSION = 5.0;
				TARGETED_DEVICE_FAMILY = "1,2";
				TEST_HOST = "$(BUILT_PRODUCTS_DIR)/Eateries.app/Eateries";
			};
			name = Debug;
		};
		DD2645AF2631250B005761B7 /* Release */ = {
			isa = XCBuildConfiguration;
			buildSettings = {
				ALWAYS_EMBED_SWIFT_STANDARD_LIBRARIES = YES;
				BUNDLE_LOADER = "$(TEST_HOST)";
				CODE_SIGN_STYLE = Automatic;
				DEVELOPMENT_TEAM = 233C86L6L3;
				INFOPLIST_FILE = EateriesTests/Info.plist;
				IPHONEOS_DEPLOYMENT_TARGET = 14.0;
				LD_RUNPATH_SEARCH_PATHS = (
					"$(inherited)",
					"@executable_path/Frameworks",
					"@loader_path/Frameworks",
				);
				PRODUCT_BUNDLE_IDENTIFIER = griffithuni.EateriesTests;
				PRODUCT_NAME = "$(TARGET_NAME)";
				SWIFT_VERSION = 5.0;
				TARGETED_DEVICE_FAMILY = "1,2";
				TEST_HOST = "$(BUILT_PRODUCTS_DIR)/Eateries.app/Eateries";
			};
			name = Release;
		};
		DD2645B12631250B005761B7 /* Debug */ = {
			isa = XCBuildConfiguration;
			buildSettings = {
				ALWAYS_EMBED_SWIFT_STANDARD_LIBRARIES = YES;
				CODE_SIGN_STYLE = Automatic;
				DEVELOPMENT_TEAM = 233C86L6L3;
				INFOPLIST_FILE = EateriesUITests/Info.plist;
				LD_RUNPATH_SEARCH_PATHS = (
					"$(inherited)",
					"@executable_path/Frameworks",
					"@loader_path/Frameworks",
				);
				PRODUCT_BUNDLE_IDENTIFIER = griffithuni.EateriesUITests;
				PRODUCT_NAME = "$(TARGET_NAME)";
				SWIFT_VERSION = 5.0;
				TARGETED_DEVICE_FAMILY = "1,2";
				TEST_TARGET_NAME = Eateries;
			};
			name = Debug;
		};
		DD2645B22631250B005761B7 /* Release */ = {
			isa = XCBuildConfiguration;
			buildSettings = {
				ALWAYS_EMBED_SWIFT_STANDARD_LIBRARIES = YES;
				CODE_SIGN_STYLE = Automatic;
				DEVELOPMENT_TEAM = 233C86L6L3;
				INFOPLIST_FILE = EateriesUITests/Info.plist;
				LD_RUNPATH_SEARCH_PATHS = (
					"$(inherited)",
					"@executable_path/Frameworks",
					"@loader_path/Frameworks",
				);
				PRODUCT_BUNDLE_IDENTIFIER = griffithuni.EateriesUITests;
				PRODUCT_NAME = "$(TARGET_NAME)";
				SWIFT_VERSION = 5.0;
				TARGETED_DEVICE_FAMILY = "1,2";
				TEST_TARGET_NAME = Eateries;
			};
			name = Release;
		};
		DDF87262264A6A0900CA757B /* Debug */ = {
			isa = XCBuildConfiguration;
			buildSettings = {
				ASSETCATALOG_COMPILER_APPICON_NAME = AppIcon;
				ASSETCATALOG_COMPILER_GLOBAL_ACCENT_COLOR_NAME = AccentColor;
				CODE_SIGN_STYLE = Automatic;
				DEVELOPMENT_ASSET_PATHS = "\"EateriesCoreData/Preview Content\"";
				DEVELOPMENT_TEAM = 233C86L6L3;
				ENABLE_PREVIEWS = YES;
				INFOPLIST_FILE = EateriesCoreData/Info.plist;
				IPHONEOS_DEPLOYMENT_TARGET = 14.5;
				LD_RUNPATH_SEARCH_PATHS = (
					"$(inherited)",
					"@executable_path/Frameworks",
				);
				PRODUCT_BUNDLE_IDENTIFIER = griffithuni.EateriesCoreData;
				PRODUCT_NAME = "$(TARGET_NAME)";
				SWIFT_VERSION = 5.0;
				TARGETED_DEVICE_FAMILY = "1,2";
			};
			name = Debug;
		};
		DDF87263264A6A0900CA757B /* Release */ = {
			isa = XCBuildConfiguration;
			buildSettings = {
				ASSETCATALOG_COMPILER_APPICON_NAME = AppIcon;
				ASSETCATALOG_COMPILER_GLOBAL_ACCENT_COLOR_NAME = AccentColor;
				CODE_SIGN_STYLE = Automatic;
				DEVELOPMENT_ASSET_PATHS = "\"EateriesCoreData/Preview Content\"";
				DEVELOPMENT_TEAM = 233C86L6L3;
				ENABLE_PREVIEWS = YES;
				INFOPLIST_FILE = EateriesCoreData/Info.plist;
				IPHONEOS_DEPLOYMENT_TARGET = 14.5;
				LD_RUNPATH_SEARCH_PATHS = (
					"$(inherited)",
					"@executable_path/Frameworks",
				);
				PRODUCT_BUNDLE_IDENTIFIER = griffithuni.EateriesCoreData;
				PRODUCT_NAME = "$(TARGET_NAME)";
				SWIFT_VERSION = 5.0;
				TARGETED_DEVICE_FAMILY = "1,2";
			};
			name = Release;
		};
		DDF87265264A6A0900CA757B /* Debug */ = {
			isa = XCBuildConfiguration;
			buildSettings = {
				ALWAYS_EMBED_SWIFT_STANDARD_LIBRARIES = YES;
				BUNDLE_LOADER = "$(TEST_HOST)";
				CODE_SIGN_STYLE = Automatic;
				DEVELOPMENT_TEAM = 233C86L6L3;
				INFOPLIST_FILE = EateriesCoreDataTests/Info.plist;
				IPHONEOS_DEPLOYMENT_TARGET = 14.5;
				LD_RUNPATH_SEARCH_PATHS = (
					"$(inherited)",
					"@executable_path/Frameworks",
					"@loader_path/Frameworks",
				);
				PRODUCT_BUNDLE_IDENTIFIER = griffithuni.EateriesCoreDataTests;
				PRODUCT_NAME = "$(TARGET_NAME)";
				SWIFT_VERSION = 5.0;
				TARGETED_DEVICE_FAMILY = "1,2";
				TEST_HOST = "$(BUILT_PRODUCTS_DIR)/EateriesCoreData.app/EateriesCoreData";
			};
			name = Debug;
		};
		DDF87266264A6A0900CA757B /* Release */ = {
			isa = XCBuildConfiguration;
			buildSettings = {
				ALWAYS_EMBED_SWIFT_STANDARD_LIBRARIES = YES;
				BUNDLE_LOADER = "$(TEST_HOST)";
				CODE_SIGN_STYLE = Automatic;
				DEVELOPMENT_TEAM = 233C86L6L3;
				INFOPLIST_FILE = EateriesCoreDataTests/Info.plist;
				IPHONEOS_DEPLOYMENT_TARGET = 14.5;
				LD_RUNPATH_SEARCH_PATHS = (
					"$(inherited)",
					"@executable_path/Frameworks",
					"@loader_path/Frameworks",
				);
				PRODUCT_BUNDLE_IDENTIFIER = griffithuni.EateriesCoreDataTests;
				PRODUCT_NAME = "$(TARGET_NAME)";
				SWIFT_VERSION = 5.0;
				TARGETED_DEVICE_FAMILY = "1,2";
				TEST_HOST = "$(BUILT_PRODUCTS_DIR)/EateriesCoreData.app/EateriesCoreData";
			};
			name = Release;
		};
		DDF87268264A6A0900CA757B /* Debug */ = {
			isa = XCBuildConfiguration;
			buildSettings = {
				ALWAYS_EMBED_SWIFT_STANDARD_LIBRARIES = YES;
				CODE_SIGN_STYLE = Automatic;
				DEVELOPMENT_TEAM = 233C86L6L3;
				INFOPLIST_FILE = EateriesCoreDataUITests/Info.plist;
				IPHONEOS_DEPLOYMENT_TARGET = 14.5;
				LD_RUNPATH_SEARCH_PATHS = (
					"$(inherited)",
					"@executable_path/Frameworks",
					"@loader_path/Frameworks",
				);
				PRODUCT_BUNDLE_IDENTIFIER = griffithuni.EateriesCoreDataUITests;
				PRODUCT_NAME = "$(TARGET_NAME)";
				SWIFT_VERSION = 5.0;
				TARGETED_DEVICE_FAMILY = "1,2";
				TEST_TARGET_NAME = EateriesCoreData;
			};
			name = Debug;
		};
		DDF87269264A6A0900CA757B /* Release */ = {
			isa = XCBuildConfiguration;
			buildSettings = {
				ALWAYS_EMBED_SWIFT_STANDARD_LIBRARIES = YES;
				CODE_SIGN_STYLE = Automatic;
				DEVELOPMENT_TEAM = 233C86L6L3;
				INFOPLIST_FILE = EateriesCoreDataUITests/Info.plist;
				IPHONEOS_DEPLOYMENT_TARGET = 14.5;
				LD_RUNPATH_SEARCH_PATHS = (
					"$(inherited)",
					"@executable_path/Frameworks",
					"@loader_path/Frameworks",
				);
				PRODUCT_BUNDLE_IDENTIFIER = griffithuni.EateriesCoreDataUITests;
				PRODUCT_NAME = "$(TARGET_NAME)";
				SWIFT_VERSION = 5.0;
				TARGETED_DEVICE_FAMILY = "1,2";
				TEST_TARGET_NAME = EateriesCoreData;
			};
			name = Release;
		};
/* End XCBuildConfiguration section */

/* Begin XCConfigurationList section */
		DD26458026312506005761B7 /* Build configuration list for PBXProject "Eateries" */ = {
			isa = XCConfigurationList;
			buildConfigurations = (
				DD2645A82631250B005761B7 /* Debug */,
				DD2645A92631250B005761B7 /* Release */,
			);
			defaultConfigurationIsVisible = 0;
			defaultConfigurationName = Release;
		};
		DD2645AA2631250B005761B7 /* Build configuration list for PBXNativeTarget "Eateries" */ = {
			isa = XCConfigurationList;
			buildConfigurations = (
				DD2645AB2631250B005761B7 /* Debug */,
				DD2645AC2631250B005761B7 /* Release */,
			);
			defaultConfigurationIsVisible = 0;
			defaultConfigurationName = Release;
		};
		DD2645AD2631250B005761B7 /* Build configuration list for PBXNativeTarget "EateriesTests" */ = {
			isa = XCConfigurationList;
			buildConfigurations = (
				DD2645AE2631250B005761B7 /* Debug */,
				DD2645AF2631250B005761B7 /* Release */,
			);
			defaultConfigurationIsVisible = 0;
			defaultConfigurationName = Release;
		};
		DD2645B02631250B005761B7 /* Build configuration list for PBXNativeTarget "EateriesUITests" */ = {
			isa = XCConfigurationList;
			buildConfigurations = (
				DD2645B12631250B005761B7 /* Debug */,
				DD2645B22631250B005761B7 /* Release */,
			);
			defaultConfigurationIsVisible = 0;
			defaultConfigurationName = Release;
		};
		DDF87261264A6A0900CA757B /* Build configuration list for PBXNativeTarget "EateriesCoreData" */ = {
			isa = XCConfigurationList;
			buildConfigurations = (
				DDF87262264A6A0900CA757B /* Debug */,
				DDF87263264A6A0900CA757B /* Release */,
			);
			defaultConfigurationIsVisible = 0;
			defaultConfigurationName = Release;
		};
		DDF87264264A6A0900CA757B /* Build configuration list for PBXNativeTarget "EateriesCoreDataTests" */ = {
			isa = XCConfigurationList;
			buildConfigurations = (
				DDF87265264A6A0900CA757B /* Debug */,
				DDF87266264A6A0900CA757B /* Release */,
			);
			defaultConfigurationIsVisible = 0;
			defaultConfigurationName = Release;
		};
		DDF87267264A6A0900CA757B /* Build configuration list for PBXNativeTarget "EateriesCoreDataUITests" */ = {
			isa = XCConfigurationList;
			buildConfigurations = (
				DDF87268264A6A0900CA757B /* Debug */,
				DDF87269264A6A0900CA757B /* Release */,
			);
			defaultConfigurationIsVisible = 0;
			defaultConfigurationName = Release;
		};
/* End XCConfigurationList section */

/* Begin XCVersionGroup section */
		DDF87247264A6A0800CA757B /* EateriesCoreData.xcdatamodeld */ = {
			isa = XCVersionGroup;
			children = (
				DDF87248264A6A0800CA757B /* EateriesCoreData.xcdatamodel */,
			);
			currentVersion = DDF87248264A6A0800CA757B /* EateriesCoreData.xcdatamodel */;
			path = EateriesCoreData.xcdatamodeld;
			sourceTree = "<group>";
			versionGroupType = wrapper.xcdatamodel;
		};
/* End XCVersionGroup section */
	};
	rootObject = DD26457D26312506005761B7 /* Project object */;
}
